{
  "nodes": {
    "gen-algebra": {
      "locked": {
        "lastModified": 1791697080,
        "narHash": "sha256-Krb3fY6ZisAFibH8P/giZqMaSsekawMkSHQkFQUBXa4=",
        "owner": "sini",
        "repo": "gen-algebra",
        "rev": "0d1c7ecfc519e0a85611dd29a483a5d91fc74692",
        "type": "github"
      },
      "original": {
        "owner": "sini",
        "repo": "gen-algebra",
        "type": "github"
      }
    },
    "gen-graph": {
      "inputs": {
        "gen-prelude": "gen-prelude_2"
      },
      "locked": {
        "lastModified": 1791697108,
        "narHash": "sha256-bJlNptPtowery+W4wo4Dc/vyobDsG75pAKg6Im18Pss=",
        "owner": "sini",
        "repo": "gen-graph",
        "rev": "9fede5fac788b1732195c542477842933365ae4a",
        "type": "github"
      },
      "original": {
        "owner": "sini",
        "repo": "gen-graph",
        "type": "github"
      }
    },
    "gen-identity": {
      "locked": {
        "lastModified": 1791697046,
        "narHash": "sha256-pkBpjjcrL7xMO8OOxFUEg+UPwjC1Kw/v2Ei+xrQmgUY=",
        "owner": "sini",
        "repo": "gen-identity",
        "rev": "3baf98fd4550dc35c1db9b2fa162c441ccc9f1a3",
        "type": "github"
      },
      "original": {
        "owner": "sini",
        "repo": "gen-identity",
        "type": "github"
      }
    },
    "gen-identity_2": {
      "locked": {
        "lastModified": 1791697046,
        "narHash": "sha256-pkBpjjcrL7xMO8OOxFUEg+UPwjC1Kw/v2Ei+xrQmgUY=",
        "owner": "sini",
        "repo": "gen-identity",
        "rev": "3baf98fd4550dc35c1db9b2fa162c441ccc9f1a3",
        "type": "github"
      },
      "original": {
        "owner": "sini",
        "repo": "gen-identity",
        "type": "github"
      }
    },
    "gen-prelude": {
      "locked": {
        "lastModified": 1791697046,
        "narHash": "sha256-NDY0U+MEIr+ZWMeh2cSzmVH5IoGMQ25necnJvlmrHRk=",
        "owner": "sini",
        "repo": "gen-prelude",
        "rev": "85adc2fd9815e65964a6fbf1b4db3c2da68c34eb",
        "type": "github"
      },
      "original": {
        "owner": "sini",
        "repo": "gen-prelude",
        "type": "github"
      }
    },
    "gen-prelude_2": {
      "locked": {
        "lastModified": 1791697046,
        "narHash": "sha256-NDY0U+MEIr+ZWMeh2cSzmVH5IoGMQ25necnJvlmrHRk=",
        "owner": "sini",
        "repo": "gen-prelude",
        "rev": "85adc2fd9815e65964a6fbf1b4db3c2da68c34eb",
        "type": "github"
      },
      "original": {
        "owner": "sini",
        "repo": "gen-prelude",
        "type": "github"
      }
    },
    "gen-prelude_3": {
      "locked": {
        "lastModified": 1791697046,
        "narHash": "sha256-NDY0U+MEIr+ZWMeh2cSzmVH5IoGMQ25necnJvlmrHRk=",
        "owner": "sini",
        "repo": "gen-prelude",
        "rev": "85adc2fd9815e65964a6fbf1b4db3c2da68c34eb",
        "type": "github"
      },
      "original": {
        "owner": "sini",
        "repo": "gen-prelude",
        "type": "github"
      }
    },
    "gen-scope": {
      "inputs": {
        "gen-algebra": [
          "gen-algebra"
        ],
        "gen-graph": "gen-graph",
        "gen-identity": "gen-identity_2",
        "gen-prelude": "gen-prelude_3"
      },
      "locked": {
        "lastModified": 1791697281,
        "narHash": "sha256-V0nWm3r0CcbholeAhjkUYCSvReA0JTMEGFgFH96qLNY=",
        "owner": "sini",
        "repo": "gen-scope",
        "rev": "5b06a50bd6e1159ca90e2b563fa8151f9c62d560",
        "type": "github"
      },
      "original": {
        "owner": "sini",
        "repo": "gen-scope",
        "type": "github"
      }
    },
    "root": {
      "inputs": {
        "gen-algebra": "gen-algebra",
        "gen-identity": "gen-identity",
        "gen-prelude": "gen-prelude",
        "gen-scope": "gen-scope"
      }
    }
  },
  "root": "root",
  "version": 7
}
