{
  "nodes": {
    "gen-graph": {
      "inputs": {
        "gen-prelude": "gen-prelude_2"
      },
      "locked": {
        "lastModified": 1789761889,
        "narHash": "sha256-biWYknfrj1gqYk6TLWUz51rQBiaeusKtc8NdJSV+sAs=",
        "owner": "sini",
        "repo": "gen-graph",
        "rev": "cc6f8ca6ad75c81fefb149c5cb586480722f6544",
        "type": "github"
      },
      "original": {
        "owner": "sini",
        "repo": "gen-graph",
        "type": "github"
      }
    },
    "gen-identity": {
      "locked": {
        "lastModified": 1789761328,
        "narHash": "sha256-rymNL7BuJFaQJgtYqvM85M2FhC997vMd5K2gji4ROgE=",
        "owner": "sini",
        "repo": "gen-identity",
        "rev": "e8a1379637991cf233da21123be4bdf71256ad5f",
        "type": "github"
      },
      "original": {
        "owner": "sini",
        "repo": "gen-identity",
        "type": "github"
      }
    },
    "gen-prelude": {
      "locked": {
        "lastModified": 1789761600,
        "narHash": "sha256-jiz4k4wQ/8j/jFJQTFkBnIkXyfFmav3NINF0F+szKtg=",
        "owner": "sini",
        "repo": "gen-prelude",
        "rev": "f1c822b45a1c6610b0394093d0185347eadda112",
        "type": "github"
      },
      "original": {
        "owner": "sini",
        "repo": "gen-prelude",
        "type": "github"
      }
    },
    "gen-prelude_2": {
      "locked": {
        "lastModified": 1789761600,
        "narHash": "sha256-jiz4k4wQ/8j/jFJQTFkBnIkXyfFmav3NINF0F+szKtg=",
        "owner": "sini",
        "repo": "gen-prelude",
        "rev": "f1c822b45a1c6610b0394093d0185347eadda112",
        "type": "github"
      },
      "original": {
        "owner": "sini",
        "repo": "gen-prelude",
        "type": "github"
      }
    },
    "gen-prelude_3": {
      "locked": {
        "lastModified": 1789761600,
        "narHash": "sha256-jiz4k4wQ/8j/jFJQTFkBnIkXyfFmav3NINF0F+szKtg=",
        "owner": "sini",
        "repo": "gen-prelude",
        "rev": "f1c822b45a1c6610b0394093d0185347eadda112",
        "type": "github"
      },
      "original": {
        "owner": "sini",
        "repo": "gen-prelude",
        "type": "github"
      }
    },
    "gen-scope": {
      "inputs": {
        "gen-graph": "gen-graph",
        "gen-identity": "gen-identity",
        "gen-prelude": "gen-prelude_3"
      },
      "locked": {
        "lastModified": 1789762753,
        "narHash": "sha256-XEyDpzI25k+r73XkBivXpm8XE5IfBcLhCv6yrTRI2A4=",
        "owner": "sini",
        "repo": "gen-scope",
        "rev": "80338a2a3f7eba7e3eed7ca4cbe9ff985728c783",
        "type": "github"
      },
      "original": {
        "owner": "sini",
        "repo": "gen-scope",
        "type": "github"
      }
    },
    "root": {
      "inputs": {
        "gen-prelude": "gen-prelude",
        "gen-scope": "gen-scope"
      }
    }
  },
  "root": "root",
  "version": 7
}
