{
  "nodes": {
    "gen-algebra": {
      "locked": {
        "lastModified": 1791178908,
        "narHash": "sha256-VJu3h63zuufEh2wae+FSLc54/1FNmLd0hqF2LqrevOo=",
        "owner": "sini",
        "repo": "gen-algebra",
        "rev": "c3247d6cd60b8f77691a5cfd76cf7cc34d8e0cee",
        "type": "github"
      },
      "original": {
        "owner": "sini",
        "repo": "gen-algebra",
        "type": "github"
      }
    },
    "gen-graph": {
      "inputs": {
        "gen-prelude": "gen-prelude_2"
      },
      "locked": {
        "lastModified": 1791178909,
        "narHash": "sha256-srvLVenx3NU0fQR0I1GmPmcPOd5dM14oL8D3yMpKnPA=",
        "owner": "sini",
        "repo": "gen-graph",
        "rev": "cc6d06f8843747d6c24bd4b41a2fc9cb9f404d9e",
        "type": "github"
      },
      "original": {
        "owner": "sini",
        "repo": "gen-graph",
        "type": "github"
      }
    },
    "gen-identity": {
      "locked": {
        "lastModified": 1791178872,
        "narHash": "sha256-UrYooM2v+sUSHDdMAebrKo6sYK0RbX9rI+wIQEK16Ng=",
        "owner": "sini",
        "repo": "gen-identity",
        "rev": "d77e859947b998cc33f7307e5123463607b631af",
        "type": "github"
      },
      "original": {
        "owner": "sini",
        "repo": "gen-identity",
        "type": "github"
      }
    },
    "gen-identity_2": {
      "locked": {
        "lastModified": 1791178872,
        "narHash": "sha256-UrYooM2v+sUSHDdMAebrKo6sYK0RbX9rI+wIQEK16Ng=",
        "owner": "sini",
        "repo": "gen-identity",
        "rev": "d77e859947b998cc33f7307e5123463607b631af",
        "type": "github"
      },
      "original": {
        "owner": "sini",
        "repo": "gen-identity",
        "type": "github"
      }
    },
    "gen-prelude": {
      "locked": {
        "lastModified": 1791178872,
        "narHash": "sha256-kBSQd88+P/rweblT9tmIZDbDTNqAU6wPRJPUqhv9sUk=",
        "owner": "sini",
        "repo": "gen-prelude",
        "rev": "0aae04a5ece34b00524206c9a1760e9bc664a073",
        "type": "github"
      },
      "original": {
        "owner": "sini",
        "repo": "gen-prelude",
        "type": "github"
      }
    },
    "gen-prelude_2": {
      "locked": {
        "lastModified": 1791178872,
        "narHash": "sha256-kBSQd88+P/rweblT9tmIZDbDTNqAU6wPRJPUqhv9sUk=",
        "owner": "sini",
        "repo": "gen-prelude",
        "rev": "0aae04a5ece34b00524206c9a1760e9bc664a073",
        "type": "github"
      },
      "original": {
        "owner": "sini",
        "repo": "gen-prelude",
        "type": "github"
      }
    },
    "gen-prelude_3": {
      "locked": {
        "lastModified": 1791178872,
        "narHash": "sha256-kBSQd88+P/rweblT9tmIZDbDTNqAU6wPRJPUqhv9sUk=",
        "owner": "sini",
        "repo": "gen-prelude",
        "rev": "0aae04a5ece34b00524206c9a1760e9bc664a073",
        "type": "github"
      },
      "original": {
        "owner": "sini",
        "repo": "gen-prelude",
        "type": "github"
      }
    },
    "gen-scope": {
      "inputs": {
        "gen-graph": "gen-graph",
        "gen-identity": "gen-identity_2",
        "gen-prelude": "gen-prelude_3"
      },
      "locked": {
        "lastModified": 1791179050,
        "narHash": "sha256-nXXG5Iv7xk2LfWdMaMmqBowHDsOvYNlLh0UfSIinN2Y=",
        "owner": "sini",
        "repo": "gen-scope",
        "rev": "3b0c77e826d34c9a8ab61ca41df1de3f86ccdc99",
        "type": "github"
      },
      "original": {
        "owner": "sini",
        "repo": "gen-scope",
        "type": "github"
      }
    },
    "root": {
      "inputs": {
        "gen-algebra": "gen-algebra",
        "gen-identity": "gen-identity",
        "gen-prelude": "gen-prelude",
        "gen-scope": "gen-scope"
      }
    }
  },
  "root": "root",
  "version": 7
}
